
Microsoft Visual Studio Solution File, Format Version 12.00
# Visual Studio Version 17
VisualStudioVersion = 17.0.32014.148
MinimumVisualStudioVersion = 10.0.40219.1
Project("{FAE04EC0-301F-11D3-BF4B-00C04F79EFBC}") = "Wordle-Project.Android", "Wordle-Project\Wordle-Project.Android\Wordle-Project.Android.csproj", "{4D907033-4D01-46D8-9FA3-1FAA829A2AA1}"
EndProject
Project("{FAE04EC0-301F-11D3-BF4B-00C04F79EFBC}") = "Wordle-Project.iOS", "Wordle-Project\Wordle-Project.iOS\Wordle-Project.iOS.csproj", "{F2D01F84-AB3B-4FF5-86D4-D438E638DD6C}"
EndProject
Project("{FAE04EC0-301F-11D3-BF4B-00C04F79EFBC}") = "Wordle-Project", "Wordle-Project\Wordle-Project\Wordle-Project.csproj", "{8046EAD8-B90F-4D9C-A886-EF49B8DB251E}"
EndProject
Global
	GlobalSection(SolutionConfigurationPlatforms) = preSolution
		Debug|Any CPU = Debug|Any CPU
		Debug|iPhone = Debug|iPhone
		Debug|iPhoneSimulator = Debug|iPhoneSimulator
		Release|Any CPU = Release|Any CPU
		Release|iPhone = Release|iPhone
		Release|iPhoneSimulator = Release|iPhoneSimulator
	EndGlobalSection
	GlobalSection(ProjectConfigurationPlatforms) = postSolution
		{4D907033-4D01-46D8-9FA3-1FAA829A2AA1}.Debug|Any CPU.ActiveCfg = Debug|Any CPU
		{4D907033-4D01-46D8-9FA3-1FAA829A2AA1}.Debug|Any CPU.Build.0 = Debug|Any CPU
		{4D907033-4D01-46D8-9FA3-1FAA829A2AA1}.Debug|Any CPU.Deploy.0 = Debug|Any CPU
		{4D907033-4D01-46D8-9FA3-1FAA829A2AA1}.Debug|iPhone.ActiveCfg = Debug|Any CPU
		{4D907033-4D01-46D8-9FA3-1FAA829A2AA1}.Debug|iPhone.Build.0 = Debug|Any CPU
		{4D907033-4D01-46D8-9FA3-1FAA829A2AA1}.Debug|iPhone.Deploy.0 = Debug|Any CPU
		{4D907033-4D01-46D8-9FA3-1FAA829A2AA1}.Debug|iPhoneSimulator.ActiveCfg = Debug|Any CPU
		{4D907033-4D01-46D8-9FA3-1FAA829A2AA1}.Debug|iPhoneSimulator.Build.0 = Debug|Any CPU
		{4D907033-4D01-46D8-9FA3-1FAA829A2AA1}.Debug|iPhoneSimulator.Deploy.0 = Debug|Any CPU
		{4D907033-4D01-46D8-9FA3-1FAA829A2AA1}.Release|Any CPU.ActiveCfg = Release|Any CPU
		{4D907033-4D01-46D8-9FA3-1FAA829A2AA1}.Release|Any CPU.Build.0 = Release|Any CPU
		{4D907033-4D01-46D8-9FA3-1FAA829A2AA1}.Release|Any CPU.Deploy.0 = Release|Any CPU
		{4D907033-4D01-46D8-9FA3-1FAA829A2AA1}.Release|iPhone.ActiveCfg = Release|Any CPU
		{4D907033-4D01-46D8-9FA3-1FAA829A2AA1}.Release|iPhone.Build.0 = Release|Any CPU
		{4D907033-4D01-46D8-9FA3-1FAA829A2AA1}.Release|iPhone.Deploy.0 = Release|Any CPU
		{4D907033-4D01-46D8-9FA3-1FAA829A2AA1}.Release|iPhoneSimulator.ActiveCfg = Release|Any CPU
		{4D907033-4D01-46D8-9FA3-1FAA829A2AA1}.Release|iPhoneSimulator.Build.0 = Release|Any CPU
		{4D907033-4D01-46D8-9FA3-1FAA829A2AA1}.Release|iPhoneSimulator.Deploy.0 = Release|Any CPU
		{F2D01F84-AB3B-4FF5-86D4-D438E638DD6C}.Debug|Any CPU.ActiveCfg = Debug|iPhone
		{F2D01F84-AB3B-4FF5-86D4-D438E638DD6C}.Debug|Any CPU.Build.0 = Debug|iPhone
		{F2D01F84-AB3B-4FF5-86D4-D438E638DD6C}.Debug|Any CPU.Deploy.0 = Debug|iPhone
		{F2D01F84-AB3B-4FF5-86D4-D438E638DD6C}.Debug|iPhone.ActiveCfg = Debug|iPhone
		{F2D01F84-AB3B-4FF5-86D4-D438E638DD6C}.Debug|iPhone.Build.0 = Debug|iPhone
		{F2D01F84-AB3B-4FF5-86D4-D438E638DD6C}.Debug|iPhone.Deploy.0 = Debug|iPhone
		{F2D01F84-AB3B-4FF5-86D4-D438E638DD6C}.Debug|iPhoneSimulator.ActiveCfg = Debug|iPhoneSimulator
		{F2D01F84-AB3B-4FF5-86D4-D438E638DD6C}.Debug|iPhoneSimulator.Build.0 = Debug|iPhoneSimulator
		{F2D01F84-AB3B-4FF5-86D4-D438E638DD6C}.Debug|iPhoneSimulator.Deploy.0 = Debug|iPhoneSimulator
		{F2D01F84-AB3B-4FF5-86D4-D438E638DD6C}.Release|Any CPU.ActiveCfg = Release|iPhoneSimulator
		{F2D01F84-AB3B-4FF5-86D4-D438E638DD6C}.Release|Any CPU.Build.0 = Release|iPhoneSimulator
		{F2D01F84-AB3B-4FF5-86D4-D438E638DD6C}.Release|Any CPU.Deploy.0 = Release|iPhoneSimulator
		{F2D01F84-AB3B-4FF5-86D4-D438E638DD6C}.Release|iPhone.ActiveCfg = Release|iPhone
		{F2D01F84-AB3B-4FF5-86D4-D438E638DD6C}.Release|iPhone.Build.0 = Release|iPhone
		{F2D01F84-AB3B-4FF5-86D4-D438E638DD6C}.Release|iPhone.Deploy.0 = Release|iPhone
		{F2D01F84-AB3B-4FF5-86D4-D438E638DD6C}.Release|iPhoneSimulator.ActiveCfg = Release|iPhoneSimulator
		{F2D01F84-AB3B-4FF5-86D4-D438E638DD6C}.Release|iPhoneSimulator.Build.0 = Release|iPhoneSimulator
		{F2D01F84-AB3B-4FF5-86D4-D438E638DD6C}.Release|iPhoneSimulator.Deploy.0 = Release|iPhoneSimulator
		{8046EAD8-B90F-4D9C-A886-EF49B8DB251E}.Debug|Any CPU.ActiveCfg = Debug|Any CPU
		{8046EAD8-B90F-4D9C-A886-EF49B8DB251E}.Debug|Any CPU.Build.0 = Debug|Any CPU
		{8046EAD8-B90F-4D9C-A886-EF49B8DB251E}.Debug|Any CPU.Deploy.0 = Debug|Any CPU
		{8046EAD8-B90F-4D9C-A886-EF49B8DB251E}.Debug|iPhone.ActiveCfg = Debug|Any CPU
		{8046EAD8-B90F-4D9C-A886-EF49B8DB251E}.Debug|iPhone.Build.0 = Debug|Any CPU
		{8046EAD8-B90F-4D9C-A886-EF49B8DB251E}.Debug|iPhone.Deploy.0 = Debug|Any CPU
		{8046EAD8-B90F-4D9C-A886-EF49B8DB251E}.Debug|iPhoneSimulator.ActiveCfg = Debug|Any CPU
		{8046EAD8-B90F-4D9C-A886-EF49B8DB251E}.Debug|iPhoneSimulator.Build.0 = Debug|Any CPU
		{8046EAD8-B90F-4D9C-A886-EF49B8DB251E}.Debug|iPhoneSimulator.Deploy.0 = Debug|Any CPU
		{8046EAD8-B90F-4D9C-A886-EF49B8DB251E}.Release|Any CPU.ActiveCfg = Release|Any CPU
		{8046EAD8-B90F-4D9C-A886-EF49B8DB251E}.Release|Any CPU.Build.0 = Release|Any CPU
		{8046EAD8-B90F-4D9C-A886-EF49B8DB251E}.Release|Any CPU.Deploy.0 = Release|Any CPU
		{8046EAD8-B90F-4D9C-A886-EF49B8DB251E}.Release|iPhone.ActiveCfg = Release|Any CPU
		{8046EAD8-B90F-4D9C-A886-EF49B8DB251E}.Release|iPhone.Build.0 = Release|Any CPU
		{8046EAD8-B90F-4D9C-A886-EF49B8DB251E}.Release|iPhone.Deploy.0 = Release|Any CPU
		{8046EAD8-B90F-4D9C-A886-EF49B8DB251E}.Release|iPhoneSimulator.ActiveCfg = Release|Any CPU
		{8046EAD8-B90F-4D9C-A886-EF49B8DB251E}.Release|iPhoneSimulator.Build.0 = Release|Any CPU
		{8046EAD8-B90F-4D9C-A886-EF49B8DB251E}.Release|iPhoneSimulator.Deploy.0 = Release|Any CPU
	EndGlobalSection
	GlobalSection(SolutionProperties) = preSolution
		HideSolutionNode = FALSE
	EndGlobalSection
	GlobalSection(ExtensibilityGlobals) = postSolution
		SolutionGuid = {15E2437C-E76A-4ED2-907D-DEA67AC73325}
	EndGlobalSection
EndGlobal
